
Microsoft Visual Studio Solution File, Format Version 12.00
# Visual Studio Version 16
VisualStudioVersion = 16.0.30517.126
MinimumVisualStudioVersion = 10.0.40219.1
Project("{FAE04EC0-301F-11D3-BF4B-00C04F79EFBC}") = "2c_Lab4", "2c_Lab4.csproj", "{F7E8C097-77EA-4997-9FC2-A885FE702BFB}"
EndProject
Global
	GlobalSection(SolutionConfigurationPlatforms) = preSolution
		Debug|Any CPU = Debug|Any CPU
		Release|Any CPU = Release|Any CPU
	EndGlobalSection
	GlobalSection(ProjectConfigurationPlatforms) = postSolution
		{F7E8C097-77EA-4997-9FC2-A885FE702BFB}.Debug|Any CPU.ActiveCfg = Debug|Any CPU
		{F7E8C097-77EA-4997-9FC2-A885FE702BFB}.Debug|Any CPU.Build.0 = Debug|Any CPU
		{F7E8C097-77EA-4997-9FC2-A885FE702BFB}.Release|Any CPU.ActiveCfg = Release|Any CPU
		{F7E8C097-77EA-4997-9FC2-A885FE702BFB}.Release|Any CPU.Build.0 = Release|Any CPU
	EndGlobalSection
	GlobalSection(SolutionProperties) = preSolution
		HideSolutionNode = FALSE
	EndGlobalSection
	GlobalSection(ExtensibilityGlobals) = postSolution
		SolutionGuid = {1FBFB9CE-35D9-46A4-A886-5404486E6B9B}
	EndGlobalSection
EndGlobal
